
Microsoft Visual Studio Solution File, Format Version 12.00
# Visual Studio Version 16
VisualStudioVersion = 16.0.31005.135
MinimumVisualStudioVersion = 10.0.40219.1
Project("{FAE04EC0-301F-11D3-BF4B-00C04F79EFBC}") = "HajosTeszt", "HajosTeszt\HajosTeszt.csproj", "{DBFE1F38-687D-42F9-BA49-D31708A48723}"
EndProject
Global
	GlobalSection(SolutionConfigurationPlatforms) = preSolution
		Debug|Any CPU = Debug|Any CPU
		Release|Any CPU = Release|Any CPU
	EndGlobalSection
	GlobalSection(ProjectConfigurationPlatforms) = postSolution
		{DBFE1F38-687D-42F9-BA49-D31708A48723}.Debug|Any CPU.ActiveCfg = Debug|Any CPU
		{DBFE1F38-687D-42F9-BA49-D31708A48723}.Debug|Any CPU.Build.0 = Debug|Any CPU
		{DBFE1F38-687D-42F9-BA49-D31708A48723}.Release|Any CPU.ActiveCfg = Release|Any CPU
		{DBFE1F38-687D-42F9-BA49-D31708A48723}.Release|Any CPU.Build.0 = Release|Any CPU
	EndGlobalSection
	GlobalSection(SolutionProperties) = preSolution
		HideSolutionNode = FALSE
	EndGlobalSection
	GlobalSection(ExtensibilityGlobals) = postSolution
		SolutionGuid = {901CED55-C8D2-42A7-A56E-D3FB4B6B5D96}
	EndGlobalSection
EndGlobal
